# THIS IS AN AUTOGENERATED FILE. DO NOT EDIT THIS FILE DIRECTLY.
# yarn lockfile v1


reactjs-audiotag@^1.0.1:
  version "1.0.1"
  resolved "https://registry.yarnpkg.com/reactjs-audiotag/-/reactjs-audiotag-1.0.1.tgz#ab9160c1f7410b09594eebb518338d1deda71b94"
  integrity sha512-rM9m1MAJEhlPq9bICqB9ZTjhuqfm+JSsOO31JoErC/ftN8UeeOMkijoDGPtGbajyNrvUH9U5yS8NRyUHdkg+hQ==
